
Microsoft Visual Studio Solution File, Format Version 12.00
# Visual Studio Version 17
VisualStudioVersion = 17.11.35312.102
MinimumVisualStudioVersion = 10.0.40219.1
Project("{FAE04EC0-301F-11D3-BF4B-00C04F79EFBC}") = "salary", "salary\salary.csproj", "{AEF492B9-60A8-44EC-B9CB-406713F91ED9}"
EndProject
Global
	GlobalSection(SolutionConfigurationPlatforms) = preSolution
		Debug|Any CPU = Debug|Any CPU
		Release|Any CPU = Release|Any CPU
	EndGlobalSection
	GlobalSection(ProjectConfigurationPlatforms) = postSolution
		{AEF492B9-60A8-44EC-B9CB-406713F91ED9}.Debug|Any CPU.ActiveCfg = Debug|Any CPU
		{AEF492B9-60A8-44EC-B9CB-406713F91ED9}.Debug|Any CPU.Build.0 = Debug|Any CPU
		{AEF492B9-60A8-44EC-B9CB-406713F91ED9}.Release|Any CPU.ActiveCfg = Release|Any CPU
		{AEF492B9-60A8-44EC-B9CB-406713F91ED9}.Release|Any CPU.Build.0 = Release|Any CPU
	EndGlobalSection
	GlobalSection(SolutionProperties) = preSolution
		HideSolutionNode = FALSE
	EndGlobalSection
	GlobalSection(ExtensibilityGlobals) = postSolution
		SolutionGuid = {15AC69D9-2883-4944-B189-2E7C3BF3838B}
	EndGlobalSection
EndGlobal
